Microsoft Visual Studio Solution File, Format Version 12.00
# Visual Studio 2012
Project("{FAE04EC0-301F-11D3-BF4B-00C04F79EFBC}") = "IsometricLights2DTest", "IsometricLights2DTest.csproj", "{D825B949-59AA-49D7-892B-AF46A7A8EBF4}"
EndProject
Global
	GlobalSection(SolutionConfigurationPlatforms) = preSolution
	Debug|Any CPU = Debug|Any CPU
	ExportDebug|Any CPU = ExportDebug|Any CPU
	ExportRelease|Any CPU = ExportRelease|Any CPU
	EndGlobalSection
	GlobalSection(ProjectConfigurationPlatforms) = postSolution
		{D825B949-59AA-49D7-892B-AF46A7A8EBF4}.Debug|Any CPU.ActiveCfg = Debug|Any CPU
		{D825B949-59AA-49D7-892B-AF46A7A8EBF4}.Debug|Any CPU.Build.0 = Debug|Any CPU
		{D825B949-59AA-49D7-892B-AF46A7A8EBF4}.ExportDebug|Any CPU.ActiveCfg = ExportDebug|Any CPU
		{D825B949-59AA-49D7-892B-AF46A7A8EBF4}.ExportDebug|Any CPU.Build.0 = ExportDebug|Any CPU
		{D825B949-59AA-49D7-892B-AF46A7A8EBF4}.ExportRelease|Any CPU.ActiveCfg = ExportRelease|Any CPU
		{D825B949-59AA-49D7-892B-AF46A7A8EBF4}.ExportRelease|Any CPU.Build.0 = ExportRelease|Any CPU
	EndGlobalSection
EndGlobal
